// !$*UTF8*$!
{
	archiveVersion = 1;
	classes = {
	};
	objectVersion = 55;
	objects = {

/* Begin PBXBuildFile section */
		4B35C4A027DC564600CE925C /* AudioView.swift in Sources */ = {isa = PBXBuildFile; fileRef = 4B35C49F27DC564600CE925C /* AudioView.swift */; };
		4B9BE34527DA28DF0007168D /* CircleGroupView.swift in Sources */ = {isa = PBXBuildFile; fileRef = 4B9BE34427DA28DF0007168D /* CircleGroupView.swift */; };
		4BD0981627D9F68F00A7E358 /* RestartApp.swift in Sources */ = {isa = PBXBuildFile; fileRef = 4BD0981527D9F68F00A7E358 /* RestartApp.swift */; };
		4BD0981827D9F68F00A7E358 /* ContentView.swift in Sources */ = {isa = PBXBuildFile; fileRef = 4BD0981727D9F68F00A7E358 /* ContentView.swift */; };
		4BD0981A27D9F69000A7E358 /* Assets.xcassets in Resources */ = {isa = PBXBuildFile; fileRef = 4BD0981927D9F69000A7E358 /* Assets.xcassets */; };
		4BD0981D27D9F69000A7E358 /* Preview Assets.xcassets in Resources */ = {isa = PBXBuildFile; fileRef = 4BD0981C27D9F69000A7E358 /* Preview Assets.xcassets */; };
		4BD0982727D9F69000A7E358 /* RestartTests.swift in Sources */ = {isa = PBXBuildFile; fileRef = 4BD0982627D9F69000A7E358 /* RestartTests.swift */; };
		4BD0983127D9F69000A7E358 /* RestartUITests.swift in Sources */ = {isa = PBXBuildFile; fileRef = 4BD0983027D9F69000A7E358 /* RestartUITests.swift */; };
		4BD0983327D9F69000A7E358 /* RestartUITestsLaunchTests.swift in Sources */ = {isa = PBXBuildFile; fileRef = 4BD0983227D9F69000A7E358 /* RestartUITestsLaunchTests.swift */; };
		4BD0984127D9F74800A7E358 /* chimeup.mp3 in Resources */ = {isa = PBXBuildFile; fileRef = 4BD0983F27D9F74700A7E358 /* chimeup.mp3 */; };
		4BD0984227D9F74800A7E358 /* success.m4a in Resources */ = {isa = PBXBuildFile; fileRef = 4BD0984027D9F74800A7E358 /* success.m4a */; };
		4BD0984D27D9FD3600A7E358 /* OnboardingView.swift in Sources */ = {isa = PBXBuildFile; fileRef = 4BD0984C27D9FD3600A7E358 /* OnboardingView.swift */; };
		4BD0984F27D9FD4000A7E358 /* HomeView.swift in Sources */ = {isa = PBXBuildFile; fileRef = 4BD0984E27D9FD4000A7E358 /* HomeView.swift */; };
/* End PBXBuildFile section */

/* Begin PBXContainerItemProxy section */
		4BD0982327D9F69000A7E358 /* PBXContainerItemProxy */ = {
			isa = PBXContainerItemProxy;
			containerPortal = 4BD0980A27D9F68F00A7E358 /* Project object */;
			proxyType = 1;
			remoteGlobalIDString = 4BD0981127D9F68F00A7E358;
			remoteInfo = Restart;
		};
		4BD0982D27D9F69000A7E358 /* PBXContainerItemProxy */ = {
			isa = PBXContainerItemProxy;
			containerPortal = 4BD0980A27D9F68F00A7E358 /* Project object */;
			proxyType = 1;
			remoteGlobalIDString = 4BD0981127D9F68F00A7E358;
			remoteInfo = Restart;
		};
/* End PBXContainerItemProxy section */

/* Begin PBXFileReference section */
		4B35C49F27DC564600CE925C /* AudioView.swift */ = {isa = PBXFileReference; lastKnownFileType = sourcecode.swift; path = AudioView.swift; sourceTree = "<group>"; };
		4B9BE34427DA28DF0007168D /* CircleGroupView.swift */ = {isa = PBXFileReference; lastKnownFileType = sourcecode.swift; path = CircleGroupView.swift; sourceTree = "<group>"; };
		4BD0981227D9F68F00A7E358 /* Restart.app */ = {isa = PBXFileReference; explicitFileType = wrapper.application; includeInIndex = 0; path = Restart.app; sourceTree = BUILT_PRODUCTS_DIR; };
		4BD0981527D9F68F00A7E358 /* RestartApp.swift */ = {isa = PBXFileReference; lastKnownFileType = sourcecode.swift; path = RestartApp.swift; sourceTree = "<group>"; };
		4BD0981727D9F68F00A7E358 /* ContentView.swift */ = {isa = PBXFileReference; lastKnownFileType = sourcecode.swift; path = ContentView.swift; sourceTree = "<group>"; };
		4BD0981927D9F69000A7E358 /* Assets.xcassets */ = {isa = PBXFileReference; lastKnownFileType = folder.assetcatalog; path = Assets.xcassets; sourceTree = "<group>"; };
		4BD0981C27D9F69000A7E358 /* Preview Assets.xcassets */ = {isa = PBXFileReference; lastKnownFileType = folder.assetcatalog; path = "Preview Assets.xcassets"; sourceTree = "<group>"; };
		4BD0982227D9F69000A7E358 /* RestartTests.xctest */ = {isa = PBXFileReference; explicitFileType = wrapper.cfbundle; includeInIndex = 0; path = RestartTests.xctest; sourceTree = BUILT_PRODUCTS_DIR; };
		4BD0982627D9F69000A7E358 /* RestartTests.swift */ = {isa = PBXFileReference; lastKnownFileType = sourcecode.swift; path = RestartTests.swift; sourceTree = "<group>"; };
		4BD0982C27D9F69000A7E358 /* RestartUITests.xctest */ = {isa = PBXFileReference; explicitFileType = wrapper.cfbundle; includeInIndex = 0; path = RestartUITests.xctest; sourceTree = BUILT_PRODUCTS_DIR; };
		4BD0983027D9F69000A7E358 /* RestartUITests.swift */ = {isa = PBXFileReference; lastKnownFileType = sourcecode.swift; path = RestartUITests.swift; sourceTree = "<group>"; };
		4BD0983227D9F69000A7E358 /* RestartUITestsLaunchTests.swift */ = {isa = PBXFileReference; lastKnownFileType = sourcecode.swift; path = RestartUITestsLaunchTests.swift; sourceTree = "<group>"; };
		4BD0983F27D9F74700A7E358 /* chimeup.mp3 */ = {isa = PBXFileReference; lastKnownFileType = audio.mp3; path = chimeup.mp3; sourceTree = "<group>"; };
		4BD0984027D9F74800A7E358 /* success.m4a */ = {isa = PBXFileReference; lastKnownFileType = file; path = success.m4a; sourceTree = "<group>"; };
		4BD0984927D9FB2800A7E358 /* Info.plist */ = {isa = PBXFileReference; lastKnownFileType = text.plist; path = Info.plist; sourceTree = "<group>"; };
		4BD0984C27D9FD3600A7E358 /* OnboardingView.swift */ = {isa = PBXFileReference; lastKnownFileType = sourcecode.swift; path = OnboardingView.swift; sourceTree = "<group>"; };
		4BD0984E27D9FD4000A7E358 /* HomeView.swift */ = {isa = PBXFileReference; lastKnownFileType = sourcecode.swift; path = HomeView.swift; sourceTree = "<group>"; };
/* End PBXFileReference section */

/* Begin PBXFrameworksBuildPhase section */
		4BD0980F27D9F68F00A7E358 /* Frameworks */ = {
			isa = PBXFrameworksBuildPhase;
			buildActionMask = 2147483647;
			files = (
			);
			runOnlyForDeploymentPostprocessing = 0;
		};
		4BD0981F27D9F69000A7E358 /* Frameworks */ = {
			isa = PBXFrameworksBuildPhase;
			buildActionMask = 2147483647;
			files = (
			);
			runOnlyForDeploymentPostprocessing = 0;
		};
		4BD0982927D9F69000A7E358 /* Frameworks */ = {
			isa = PBXFrameworksBuildPhase;
			buildActionMask = 2147483647;
			files = (
			);
			runOnlyForDeploymentPostprocessing = 0;
		};
/* End PBXFrameworksBuildPhase section */

/* Begin PBXGroup section */
		4B760F6227FC346F00D6D0E3 /* Screens */ = {
			isa = PBXGroup;
			children = (
				4BD0981527D9F68F00A7E358 /* RestartApp.swift */,
				4BD0981727D9F68F00A7E358 /* ContentView.swift */,
				4BD0984E27D9FD4000A7E358 /* HomeView.swift */,
				4BD0984C27D9FD3600A7E358 /* OnboardingView.swift */,
			);
			path = Screens;
			sourceTree = "<group>";
		};
		4BD0980927D9F68F00A7E358 = {
			isa = PBXGroup;
			children = (
				4BD0981427D9F68F00A7E358 /* Restart */,
				4BD0982527D9F69000A7E358 /* RestartTests */,
				4BD0982F27D9F69000A7E358 /* RestartUITests */,
				4BD0981327D9F68F00A7E358 /* Products */,
			);
			sourceTree = "<group>";
		};
		4BD0981327D9F68F00A7E358 /* Products */ = {
			isa = PBXGroup;
			children = (
				4BD0981227D9F68F00A7E358 /* Restart.app */,
				4BD0982227D9F69000A7E358 /* RestartTests.xctest */,
				4BD0982C27D9F69000A7E358 /* RestartUITests.xctest */,
			);
			name = Products;
			sourceTree = "<group>";
		};
		4BD0981427D9F68F00A7E358 /* Restart */ = {
			isa = PBXGroup;
			children = (
				4BD0984927D9FB2800A7E358 /* Info.plist */,
				4BD0984827D9F9C400A7E358 /* Utilities */,
				4BD0984727D9F9AE00A7E358 /* Views */,
				4BD0984627D9F92700A7E358 /* Sounds */,
				4B760F6227FC346F00D6D0E3 /* Screens */,
				4BD0981927D9F69000A7E358 /* Assets.xcassets */,
				4BD0981B27D9F69000A7E358 /* Preview Content */,
			);
			path = Restart;
			sourceTree = "<group>";
		};
		4BD0981B27D9F69000A7E358 /* Preview Content */ = {
			isa = PBXGroup;
			children = (
				4BD0981C27D9F69000A7E358 /* Preview Assets.xcassets */,
			);
			path = "Preview Content";
			sourceTree = "<group>";
		};
		4BD0982527D9F69000A7E358 /* RestartTests */ = {
			isa = PBXGroup;
			children = (
				4BD0982627D9F69000A7E358 /* RestartTests.swift */,
			);
			path = RestartTests;
			sourceTree = "<group>";
		};
		4BD0982F27D9F69000A7E358 /* RestartUITests */ = {
			isa = PBXGroup;
			children = (
				4BD0983027D9F69000A7E358 /* RestartUITests.swift */,
				4BD0983227D9F69000A7E358 /* RestartUITestsLaunchTests.swift */,
			);
			path = RestartUITests;
			sourceTree = "<group>";
		};
		4BD0984627D9F92700A7E358 /* Sounds */ = {
			isa = PBXGroup;
			children = (
				4BD0983F27D9F74700A7E358 /* chimeup.mp3 */,
				4BD0984027D9F74800A7E358 /* success.m4a */,
			);
			path = Sounds;
			sourceTree = "<group>";
		};
		4BD0984727D9F9AE00A7E358 /* Views */ = {
			isa = PBXGroup;
			children = (
				4B9BE34427DA28DF0007168D /* CircleGroupView.swift */,
			);
			path = Views;
			sourceTree = "<group>";
		};
		4BD0984827D9F9C400A7E358 /* Utilities */ = {
			isa = PBXGroup;
			children = (
				4B35C49F27DC564600CE925C /* AudioView.swift */,
			);
			path = Utilities;
			sourceTree = "<group>";
		};
/* End PBXGroup section */

/* Begin PBXNativeTarget section */
		4BD0981127D9F68F00A7E358 /* Restart */ = {
			isa = PBXNativeTarget;
			buildConfigurationList = 4BD0983627D9F69000A7E358 /* Build configuration list for PBXNativeTarget "Restart" */;
			buildPhases = (
				4BD0980E27D9F68F00A7E358 /* Sources */,
				4BD0980F27D9F68F00A7E358 /* Frameworks */,
				4BD0981027D9F68F00A7E358 /* Resources */,
			);
			buildRules = (
			);
			dependencies = (
			);
			name = Restart;
			productName = Restart;
			productReference = 4BD0981227D9F68F00A7E358 /* Restart.app */;
			productType = "com.apple.product-type.application";
		};
		4BD0982127D9F69000A7E358 /* RestartTests */ = {
			isa = PBXNativeTarget;
			buildConfigurationList = 4BD0983927D9F69000A7E358 /* Build configuration list for PBXNativeTarget "RestartTests" */;
			buildPhases = (
				4BD0981E27D9F69000A7E358 /* Sources */,
				4BD0981F27D9F69000A7E358 /* Frameworks */,
				4BD0982027D9F69000A7E358 /* Resources */,
			);
			buildRules = (
			);
			dependencies = (
				4BD0982427D9F69000A7E358 /* PBXTargetDependency */,
			);
			name = RestartTests;
			productName = RestartTests;
			productReference = 4BD0982227D9F69000A7E358 /* RestartTests.xctest */;
			productType = "com.apple.product-type.bundle.unit-test";
		};
		4BD0982B27D9F69000A7E358 /* RestartUITests */ = {
			isa = PBXNativeTarget;
			buildConfigurationList = 4BD0983C27D9F69000A7E358 /* Build configuration list for PBXNativeTarget "RestartUITests" */;
			buildPhases = (
				4BD0982827D9F69000A7E358 /* Sources */,
				4BD0982927D9F69000A7E358 /* Frameworks */,
				4BD0982A27D9F69000A7E358 /* Resources */,
			);
			buildRules = (
			);
			dependencies = (
				4BD0982E27D9F69000A7E358 /* PBXTargetDependency */,
			);
			name = RestartUITests;
			productName = RestartUITests;
			productReference = 4BD0982C27D9F69000A7E358 /* RestartUITests.xctest */;
			productType = "com.apple.product-type.bundle.ui-testing";
		};
/* End PBXNativeTarget section */

/* Begin PBXProject section */
		4BD0980A27D9F68F00A7E358 /* Project object */ = {
			isa = PBXProject;
			attributes = {
				BuildIndependentTargetsInParallel = 1;
				LastSwiftUpdateCheck = 1320;
				LastUpgradeCheck = 1320;
				TargetAttributes = {
					4BD0981127D9F68F00A7E358 = {
						CreatedOnToolsVersion = 13.2.1;
					};
					4BD0982127D9F69000A7E358 = {
						CreatedOnToolsVersion = 13.2.1;
						TestTargetID = 4BD0981127D9F68F00A7E358;
					};
					4BD0982B27D9F69000A7E358 = {
						CreatedOnToolsVersion = 13.2.1;
						TestTargetID = 4BD0981127D9F68F00A7E358;
					};
				};
			};
			buildConfigurationList = 4BD0980D27D9F68F00A7E358 /* Build configuration list for PBXProject "Restart" */;
			compatibilityVersion = "Xcode 13.0";
			developmentRegion = en;
			hasScannedForEncodings = 0;
			knownRegions = (
				en,
				Base,
			);
			mainGroup = 4BD0980927D9F68F00A7E358;
			productRefGroup = 4BD0981327D9F68F00A7E358 /* Products */;
			projectDirPath = "";
			projectRoot = "";
			targets = (
				4BD0981127D9F68F00A7E358 /* Restart */,
				4BD0982127D9F69000A7E358 /* RestartTests */,
				4BD0982B27D9F69000A7E358 /* RestartUITests */,
			);
		};
/* End PBXProject section */

/* Begin PBXResourcesBuildPhase section */
		4BD0981027D9F68F00A7E358 /* Resources */ = {
			isa = PBXResourcesBuildPhase;
			buildActionMask = 2147483647;
			files = (
				4BD0984227D9F74800A7E358 /* success.m4a in Resources */,
				4BD0984127D9F74800A7E358 /* chimeup.mp3 in Resources */,
				4BD0981D27D9F69000A7E358 /* Preview Assets.xcassets in Resources */,
				4BD0981A27D9F69000A7E358 /* Assets.xcassets in Resources */,
			);
			runOnlyForDeploymentPostprocessing = 0;
		};
		4BD0982027D9F69000A7E358 /* Resources */ = {
			isa = PBXResourcesBuildPhase;
			buildActionMask = 2147483647;
			files = (
			);
			runOnlyForDeploymentPostprocessing = 0;
		};
		4BD0982A27D9F69000A7E358 /* Resources */ = {
			isa = PBXResourcesBuildPhase;
			buildActionMask = 2147483647;
			files = (
			);
			runOnlyForDeploymentPostprocessing = 0;
		};
/* End PBXResourcesBuildPhase section */

/* Begin PBXSourcesBuildPhase section */
		4BD0980E27D9F68F00A7E358 /* Sources */ = {
			isa = PBXSourcesBuildPhase;
			buildActionMask = 2147483647;
			files = (
				4B9BE34527DA28DF0007168D /* CircleGroupView.swift in Sources */,
				4B35C4A027DC564600CE925C /* AudioView.swift in Sources */,
				4BD0984D27D9FD3600A7E358 /* OnboardingView.swift in Sources */,
				4BD0984F27D9FD4000A7E358 /* HomeView.swift in Sources */,
				4BD0981827D9F68F00A7E358 /* ContentView.swift in Sources */,
				4BD0981627D9F68F00A7E358 /* RestartApp.swift in Sources */,
			);
			runOnlyForDeploymentPostprocessing = 0;
		};
		4BD0981E27D9F69000A7E358 /* Sources */ = {
			isa = PBXSourcesBuildPhase;
			buildActionMask = 2147483647;
			files = (
				4BD0982727D9F69000A7E358 /* RestartTests.swift in Sources */,
			);
			runOnlyForDeploymentPostprocessing = 0;
		};
		4BD0982827D9F69000A7E358 /* Sources */ = {
			isa = PBXSourcesBuildPhase;
			buildActionMask = 2147483647;
			files = (
				4BD0983327D9F69000A7E358 /* RestartUITestsLaunchTests.swift in Sources */,
				4BD0983127D9F69000A7E358 /* RestartUITests.swift in Sources */,
			);
			runOnlyForDeploymentPostprocessing = 0;
		};
/* End PBXSourcesBuildPhase section */

/* Begin PBXTargetDependency section */
		4BD0982427D9F69000A7E358 /* PBXTargetDependency */ = {
			isa = PBXTargetDependency;
			target = 4BD0981127D9F68F00A7E358 /* Restart */;
			targetProxy = 4BD0982327D9F69000A7E358 /* PBXContainerItemProxy */;
		};
		4BD0982E27D9F69000A7E358 /* PBXTargetDependency */ = {
			isa = PBXTargetDependency;
			target = 4BD0981127D9F68F00A7E358 /* Restart */;
			targetProxy = 4BD0982D27D9F69000A7E358 /* PBXContainerItemProxy */;
		};
/* End PBXTargetDependency section */

/* Begin XCBuildConfiguration section */
		4BD0983427D9F69000A7E358 /* Debug */ = {
			isa = XCBuildConfiguration;
			buildSettings = {
				ALWAYS_SEARCH_USER_PATHS = NO;
				CLANG_ANALYZER_NONNULL = YES;
				CLANG_ANALYZER_NUMBER_OBJECT_CONVERSION = YES_AGGRESSIVE;
				CLANG_CXX_LANGUAGE_STANDARD = "gnu++17";
				CLANG_CXX_LIBRARY = "libc++";
				CLANG_ENABLE_MODULES = YES;
				CLANG_ENABLE_OBJC_ARC = YES;
				CLANG_ENABLE_OBJC_WEAK = YES;
				CLANG_WARN_BLOCK_CAPTURE_AUTORELEASING = YES;
				CLANG_WARN_BOOL_CONVERSION = YES;
				CLANG_WARN_COMMA = YES;
				CLANG_WARN_CONSTANT_CONVERSION = YES;
				CLANG_WARN_DEPRECATED_OBJC_IMPLEMENTATIONS = YES;
				CLANG_WARN_DIRECT_OBJC_ISA_USAGE = YES_ERROR;
				CLANG_WARN_DOCUMENTATION_COMMENTS = YES;
				CLANG_WARN_EMPTY_BODY = YES;
				CLANG_WARN_ENUM_CONVERSION = YES;
				CLANG_WARN_INFINITE_RECURSION = YES;
				CLANG_WARN_INT_CONVERSION = YES;
				CLANG_WARN_NON_LITERAL_NULL_CONVERSION = YES;
				CLANG_WARN_OBJC_IMPLICIT_RETAIN_SELF = YES;
				CLANG_WARN_OBJC_LITERAL_CONVERSION = YES;
				CLANG_WARN_OBJC_ROOT_CLASS = YES_ERROR;
				CLANG_WARN_QUOTED_INCLUDE_IN_FRAMEWORK_HEADER = YES;
				CLANG_WARN_RANGE_LOOP_ANALYSIS = YES;
				CLANG_WARN_STRICT_PROTOTYPES = YES;
				CLANG_WARN_SUSPICIOUS_MOVE = YES;
				CLANG_WARN_UNGUARDED_AVAILABILITY = YES_AGGRESSIVE;
				CLANG_WARN_UNREACHABLE_CODE = YES;
				CLANG_WARN__DUPLICATE_METHOD_MATCH = YES;
				COPY_PHASE_STRIP = NO;
				DEBUG_INFORMATION_FORMAT = dwarf;
				ENABLE_STRICT_OBJC_MSGSEND = YES;
				ENABLE_TESTABILITY = YES;
				GCC_C_LANGUAGE_STANDARD = gnu11;
				GCC_DYNAMIC_NO_PIC = NO;
				GCC_NO_COMMON_BLOCKS = YES;
				GCC_OPTIMIZATION_LEVEL = 0;
				GCC_PREPROCESSOR_DEFINITIONS = (
					"DEBUG=1",
					"$(inherited)",
				);
				GCC_WARN_64_TO_32_BIT_CONVERSION = YES;
				GCC_WARN_ABOUT_RETURN_TYPE = YES_ERROR;
				GCC_WARN_UNDECLARED_SELECTOR = YES;
				GCC_WARN_UNINITIALIZED_AUTOS = YES_AGGRESSIVE;
				GCC_WARN_UNUSED_FUNCTION = YES;
				GCC_WARN_UNUSED_VARIABLE = YES;
				IPHONEOS_DEPLOYMENT_TARGET = 15.2;
				MTL_ENABLE_DEBUG_INFO = INCLUDE_SOURCE;
				MTL_FAST_MATH = YES;
				ONLY_ACTIVE_ARCH = YES;
				SDKROOT = iphoneos;
				SWIFT_ACTIVE_COMPILATION_CONDITIONS = DEBUG;
				SWIFT_OPTIMIZATION_LEVEL = "-Onone";
			};
			name = Debug;
		};
		4BD0983527D9F69000A7E358 /* Release */ = {
			isa = XCBuildConfiguration;
			buildSettings = {
				ALWAYS_SEARCH_USER_PATHS = NO;
				CLANG_ANALYZER_NONNULL = YES;
				CLANG_ANALYZER_NUMBER_OBJECT_CONVERSION = YES_AGGRESSIVE;
				CLANG_CXX_LANGUAGE_STANDARD = "gnu++17";
				CLANG_CXX_LIBRARY = "libc++";
				CLANG_ENABLE_MODULES = YES;
				CLANG_ENABLE_OBJC_ARC = YES;
				CLANG_ENABLE_OBJC_WEAK = YES;
				CLANG_WARN_BLOCK_CAPTURE_AUTORELEASING = YES;
				CLANG_WARN_BOOL_CONVERSION = YES;
				CLANG_WARN_COMMA = YES;
				CLANG_WARN_CONSTANT_CONVERSION = YES;
				CLANG_WARN_DEPRECATED_OBJC_IMPLEMENTATIONS = YES;
				CLANG_WARN_DIRECT_OBJC_ISA_USAGE = YES_ERROR;
				CLANG_WARN_DOCUMENTATION_COMMENTS = YES;
				CLANG_WARN_EMPTY_BODY = YES;
				CLANG_WARN_ENUM_CONVERSION = YES;
				CLANG_WARN_INFINITE_RECURSION = YES;
				CLANG_WARN_INT_CONVERSION = YES;
				CLANG_WARN_NON_LITERAL_NULL_CONVERSION = YES;
				CLANG_WARN_OBJC_IMPLICIT_RETAIN_SELF = YES;
				CLANG_WARN_OBJC_LITERAL_CONVERSION = YES;
				CLANG_WARN_OBJC_ROOT_CLASS = YES_ERROR;
				CLANG_WARN_QUOTED_INCLUDE_IN_FRAMEWORK_HEADER = YES;
				CLANG_WARN_RANGE_LOOP_ANALYSIS = YES;
				CLANG_WARN_STRICT_PROTOTYPES = YES;
				CLANG_WARN_SUSPICIOUS_MOVE = YES;
				CLANG_WARN_UNGUARDED_AVAILABILITY = YES_AGGRESSIVE;
				CLANG_WARN_UNREACHABLE_CODE = YES;
				CLANG_WARN__DUPLICATE_METHOD_MATCH = YES;
				COPY_PHASE_STRIP = NO;
				DEBUG_INFORMATION_FORMAT = "dwarf-with-dsym";
				ENABLE_NS_ASSERTIONS = NO;
				ENABLE_STRICT_OBJC_MSGSEND = YES;
				GCC_C_LANGUAGE_STANDARD = gnu11;
				GCC_NO_COMMON_BLOCKS = YES;
				GCC_WARN_64_TO_32_BIT_CONVERSION = YES;
				GCC_WARN_ABOUT_RETURN_TYPE = YES_ERROR;
				GCC_WARN_UNDECLARED_SELECTOR = YES;
				GCC_WARN_UNINITIALIZED_AUTOS = YES_AGGRESSIVE;
				GCC_WARN_UNUSED_FUNCTION = YES;
				GCC_WARN_UNUSED_VARIABLE = YES;
				IPHONEOS_DEPLOYMENT_TARGET = 15.2;
				MTL_ENABLE_DEBUG_INFO = NO;
				MTL_FAST_MATH = YES;
				SDKROOT = iphoneos;
				SWIFT_COMPILATION_MODE = wholemodule;
				SWIFT_OPTIMIZATION_LEVEL = "-O";
				VALIDATE_PRODUCT = YES;
			};
			name = Release;
		};
		4BD0983727D9F69000A7E358 /* Debug */ = {
			isa = XCBuildConfiguration;
			buildSettings = {
				ASSETCATALOG_COMPILER_APPICON_NAME = AppIcon;
				ASSETCATALOG_COMPILER_GLOBAL_ACCENT_COLOR_NAME = AccentColor;
				CODE_SIGN_STYLE = Automatic;
				CURRENT_PROJECT_VERSION = 1;
				DEVELOPMENT_ASSET_PATHS = "\"Restart/Preview Content\"";
				DEVELOPMENT_TEAM = D49ACZH93P;
				ENABLE_PREVIEWS = YES;
				GENERATE_INFOPLIST_FILE = YES;
				INFOPLIST_FILE = Restart/Info.plist;
				INFOPLIST_KEY_UIApplicationSceneManifest_Generation = YES;
				INFOPLIST_KEY_UIApplicationSupportsIndirectInputEvents = YES;
				INFOPLIST_KEY_UISupportedInterfaceOrientations = UIInterfaceOrientationPortrait;
				INFOPLIST_KEY_UISupportedInterfaceOrientations_iPad = "UIInterfaceOrientationPortrait UIInterfaceOrientationPortraitUpsideDown UIInterfaceOrientationLandscapeLeft UIInterfaceOrientationLandscapeRight";
				INFOPLIST_KEY_UISupportedInterfaceOrientations_iPhone = UIInterfaceOrientationPortrait;
				LD_RUNPATH_SEARCH_PATHS = (
					"$(inherited)",
					"@executable_path/Frameworks",
				);
				MARKETING_VERSION = 1.0;
				PRODUCT_BUNDLE_IDENTIFIER = com.vlsss.Restart;
				PRODUCT_NAME = "$(TARGET_NAME)";
				SWIFT_EMIT_LOC_STRINGS = YES;
				SWIFT_VERSION = 5.0;
				TARGETED_DEVICE_FAMILY = "1,2";
			};
			name = Debug;
		};
		4BD0983827D9F69000A7E358 /* Release */ = {
			isa = XCBuildConfiguration;
			buildSettings = {
				ASSETCATALOG_COMPILER_APPICON_NAME = AppIcon;
				ASSETCATALOG_COMPILER_GLOBAL_ACCENT_COLOR_NAME = AccentColor;
				CODE_SIGN_STYLE = Automatic;
				CURRENT_PROJECT_VERSION = 1;
				DEVELOPMENT_ASSET_PATHS = "\"Restart/Preview Content\"";
				DEVELOPMENT_TEAM = D49ACZH93P;
				ENABLE_PREVIEWS = YES;
				GENERATE_INFOPLIST_FILE = YES;
				INFOPLIST_FILE = Restart/Info.plist;
				INFOPLIST_KEY_UIApplicationSceneManifest_Generation = YES;
				INFOPLIST_KEY_UIApplicationSupportsIndirectInputEvents = YES;
				INFOPLIST_KEY_UISupportedInterfaceOrientations = UIInterfaceOrientationPortrait;
				INFOPLIST_KEY_UISupportedInterfaceOrientations_iPad = "UIInterfaceOrientationPortrait UIInterfaceOrientationPortraitUpsideDown UIInterfaceOrientationLandscapeLeft UIInterfaceOrientationLandscapeRight";
				INFOPLIST_KEY_UISupportedInterfaceOrientations_iPhone = UIInterfaceOrientationPortrait;
				LD_RUNPATH_SEARCH_PATHS = (
					"$(inherited)",
					"@executable_path/Frameworks",
				);
				MARKETING_VERSION = 1.0;
				PRODUCT_BUNDLE_IDENTIFIER = com.vlsss.Restart;
				PRODUCT_NAME = "$(TARGET_NAME)";
				SWIFT_EMIT_LOC_STRINGS = YES;
				SWIFT_VERSION = 5.0;
				TARGETED_DEVICE_FAMILY = "1,2";
			};
			name = Release;
		};
		4BD0983A27D9F69000A7E358 /* Debug */ = {
			isa = XCBuildConfiguration;
			buildSettings = {
				ALWAYS_EMBED_SWIFT_STANDARD_LIBRARIES = YES;
				BUNDLE_LOADER = "$(TEST_HOST)";
				CODE_SIGN_STYLE = Automatic;
				CURRENT_PROJECT_VERSION = 1;
				DEVELOPMENT_TEAM = D49ACZH93P;
				GENERATE_INFOPLIST_FILE = YES;
				IPHONEOS_DEPLOYMENT_TARGET = 15.2;
				MARKETING_VERSION = 1.0;
				PRODUCT_BUNDLE_IDENTIFIER = com.vlsss.RestartTests;
				PRODUCT_NAME = "$(TARGET_NAME)";
				SWIFT_EMIT_LOC_STRINGS = NO;
				SWIFT_VERSION = 5.0;
				TARGETED_DEVICE_FAMILY = "1,2";
				TEST_HOST = "$(BUILT_PRODUCTS_DIR)/Restart.app/Restart";
			};
			name = Debug;
		};
		4BD0983B27D9F69000A7E358 /* Release */ = {
			isa = XCBuildConfiguration;
			buildSettings = {
				ALWAYS_EMBED_SWIFT_STANDARD_LIBRARIES = YES;
				BUNDLE_LOADER = "$(TEST_HOST)";
				CODE_SIGN_STYLE = Automatic;
				CURRENT_PROJECT_VERSION = 1;
				DEVELOPMENT_TEAM = D49ACZH93P;
				GENERATE_INFOPLIST_FILE = YES;
				IPHONEOS_DEPLOYMENT_TARGET = 15.2;
				MARKETING_VERSION = 1.0;
				PRODUCT_BUNDLE_IDENTIFIER = com.vlsss.RestartTests;
				PRODUCT_NAME = "$(TARGET_NAME)";
				SWIFT_EMIT_LOC_STRINGS = NO;
				SWIFT_VERSION = 5.0;
				TARGETED_DEVICE_FAMILY = "1,2";
				TEST_HOST = "$(BUILT_PRODUCTS_DIR)/Restart.app/Restart";
			};
			name = Release;
		};
		4BD0983D27D9F69000A7E358 /* Debug */ = {
			isa = XCBuildConfiguration;
			buildSettings = {
				ALWAYS_EMBED_SWIFT_STANDARD_LIBRARIES = YES;
				CODE_SIGN_STYLE = Automatic;
				CURRENT_PROJECT_VERSION = 1;
				DEVELOPMENT_TEAM = D49ACZH93P;
				GENERATE_INFOPLIST_FILE = YES;
				MARKETING_VERSION = 1.0;
				PRODUCT_BUNDLE_IDENTIFIER = com.vlsss.RestartUITests;
				PRODUCT_NAME = "$(TARGET_NAME)";
				SWIFT_EMIT_LOC_STRINGS = NO;
				SWIFT_VERSION = 5.0;
				TARGETED_DEVICE_FAMILY = "1,2";
				TEST_TARGET_NAME = Restart;
			};
			name = Debug;
		};
		4BD0983E27D9F69000A7E358 /* Release */ = {
			isa = XCBuildConfiguration;
			buildSettings = {
				ALWAYS_EMBED_SWIFT_STANDARD_LIBRARIES = YES;
				CODE_SIGN_STYLE = Automatic;
				CURRENT_PROJECT_VERSION = 1;
				DEVELOPMENT_TEAM = D49ACZH93P;
				GENERATE_INFOPLIST_FILE = YES;
				MARKETING_VERSION = 1.0;
				PRODUCT_BUNDLE_IDENTIFIER = com.vlsss.RestartUITests;
				PRODUCT_NAME = "$(TARGET_NAME)";
				SWIFT_EMIT_LOC_STRINGS = NO;
				SWIFT_VERSION = 5.0;
				TARGETED_DEVICE_FAMILY = "1,2";
				TEST_TARGET_NAME = Restart;
			};
			name = Release;
		};
/* End XCBuildConfiguration section */

/* Begin XCConfigurationList section */
		4BD0980D27D9F68F00A7E358 /* Build configuration list for PBXProject "Restart" */ = {
			isa = XCConfigurationList;
			buildConfigurations = (
				4BD0983427D9F69000A7E358 /* Debug */,
				4BD0983527D9F69000A7E358 /* Release */,
			);
			defaultConfigurationIsVisible = 0;
			defaultConfigurationName = Release;
		};
		4BD0983627D9F69000A7E358 /* Build configuration list for PBXNativeTarget "Restart" */ = {
			isa = XCConfigurationList;
			buildConfigurations = (
				4BD0983727D9F69000A7E358 /* Debug */,
				4BD0983827D9F69000A7E358 /* Release */,
			);
			defaultConfigurationIsVisible = 0;
			defaultConfigurationName = Release;
		};
		4BD0983927D9F69000A7E358 /* Build configuration list for PBXNativeTarget "RestartTests" */ = {
			isa = XCConfigurationList;
			buildConfigurations = (
				4BD0983A27D9F69000A7E358 /* Debug */,
				4BD0983B27D9F69000A7E358 /* Release */,
			);
			defaultConfigurationIsVisible = 0;
			defaultConfigurationName = Release;
		};
		4BD0983C27D9F69000A7E358 /* Build configuration list for PBXNativeTarget "RestartUITests" */ = {
			isa = XCConfigurationList;
			buildConfigurations = (
				4BD0983D27D9F69000A7E358 /* Debug */,
				4BD0983E27D9F69000A7E358 /* Release */,
			);
			defaultConfigurationIsVisible = 0;
			defaultConfigurationName = Release;
		};
/* End XCConfigurationList section */
	};
	rootObject = 4BD0980A27D9F68F00A7E358 /* Project object */;
}
